
Microsoft Visual Studio Solution File, Format Version 12.00
# Visual Studio 15
VisualStudioVersion = 15.0.28010.2016
MinimumVisualStudioVersion = 10.0.40219.1
Project("{FAE04EC0-301F-11D3-BF4B-00C04F79EFBC}") = "01-HolaSocketServidor", "01-HolaSocketServidor\01-HolaSocketServidor.csproj", "{780EF331-FE1A-4803-974D-9F92041F52D8}"
EndProject
Project("{FAE04EC0-301F-11D3-BF4B-00C04F79EFBC}") = "02-HolaSocketCliente", "02-HolaSocketCliente\02-HolaSocketCliente.csproj", "{41514BD3-8D37-4257-B50C-1521939E1B4B}"
EndProject
Project("{FAE04EC0-301F-11D3-BF4B-00C04F79EFBC}") = "03-SocketServidorDatos", "03-SocketServidorDatos\03-SocketServidorDatos.csproj", "{11917D7B-EE10-4BAE-A5E7-AA7CA456BFCA}"
EndProject
Project("{FAE04EC0-301F-11D3-BF4B-00C04F79EFBC}") = "04-SocketClienteDatos", "04-SocketClienteDatos\04-SocketClienteDatos.csproj", "{186FC3B3-1B25-4C09-AB77-FAD7E265813C}"
EndProject
Project("{FAE04EC0-301F-11D3-BF4B-00C04F79EFBC}") = "05-ServidorTCPStream", "05-ServidorTCPStream\05-ServidorTCPStream.csproj", "{4A9C5AB2-5E8C-4D29-B3E0-6ACE739CC8E3}"
EndProject
Project("{FAE04EC0-301F-11D3-BF4B-00C04F79EFBC}") = "06-ClienteTCPStream", "06-ClienteTCPStream\06-ClienteTCPStream.csproj", "{70BED1B8-5669-4A8F-A5A5-67EA923C6D1D}"
EndProject
Project("{FAE04EC0-301F-11D3-BF4B-00C04F79EFBC}") = "07-MultiSocketServer", "07-MultiSocketServer\07-MultiSocketServer.csproj", "{92DCA322-42B0-4836-BF1B-8C2DAFC6C86A}"
EndProject
Project("{FAE04EC0-301F-11D3-BF4B-00C04F79EFBC}") = "08-MultiSocketCliente", "08-MultiSocketCliente\08-MultiSocketCliente.csproj", "{1E11E2D5-654E-4A22-8A43-576418844A20}"
EndProject
Project("{FAE04EC0-301F-11D3-BF4B-00C04F79EFBC}") = "09-ServidorPPT", "09-ServidorPPP\09-ServidorPPT.csproj", "{D06374C5-E48D-4651-80C2-A1E1578D8911}"
EndProject
Project("{FAE04EC0-301F-11D3-BF4B-00C04F79EFBC}") = "10-ClientePPT", "10-ClientePPT\10-ClientePPT.csproj", "{FE5015D7-8F23-46E9-84CC-5DFB61566526}"
EndProject
Project("{FAE04EC0-301F-11D3-BF4B-00C04F79EFBC}") = "11-ServidorPPTSondeo", "11-ServidorPPTSondeo\11-ServidorPPTSondeo.csproj", "{ECB85CCE-D5F2-479D-80A8-1A56C694946B}"
EndProject
Project("{FAE04EC0-301F-11D3-BF4B-00C04F79EFBC}") = "12-ClientePPTSondeo", "12-ClientePPTSondeo\12-ClientePPTSondeo.csproj", "{8DC7D30E-BE69-452C-AF7B-6D7910701817}"
EndProject
Project("{FAE04EC0-301F-11D3-BF4B-00C04F79EFBC}") = "13-ServidorPPTFullDuplex", "13-ServidorPPTFullDuplex\13-ServidorPPTFullDuplex.csproj", "{BA905163-AAD1-47D7-BB19-30E5FFD21EA9}"
EndProject
Global
	GlobalSection(SolutionConfigurationPlatforms) = preSolution
		Debug|Any CPU = Debug|Any CPU
		Release|Any CPU = Release|Any CPU
	EndGlobalSection
	GlobalSection(ProjectConfigurationPlatforms) = postSolution
		{780EF331-FE1A-4803-974D-9F92041F52D8}.Debug|Any CPU.ActiveCfg = Debug|Any CPU
		{780EF331-FE1A-4803-974D-9F92041F52D8}.Debug|Any CPU.Build.0 = Debug|Any CPU
		{780EF331-FE1A-4803-974D-9F92041F52D8}.Release|Any CPU.ActiveCfg = Release|Any CPU
		{780EF331-FE1A-4803-974D-9F92041F52D8}.Release|Any CPU.Build.0 = Release|Any CPU
		{41514BD3-8D37-4257-B50C-1521939E1B4B}.Debug|Any CPU.ActiveCfg = Debug|Any CPU
		{41514BD3-8D37-4257-B50C-1521939E1B4B}.Debug|Any CPU.Build.0 = Debug|Any CPU
		{41514BD3-8D37-4257-B50C-1521939E1B4B}.Release|Any CPU.ActiveCfg = Release|Any CPU
		{41514BD3-8D37-4257-B50C-1521939E1B4B}.Release|Any CPU.Build.0 = Release|Any CPU
		{11917D7B-EE10-4BAE-A5E7-AA7CA456BFCA}.Debug|Any CPU.ActiveCfg = Debug|Any CPU
		{11917D7B-EE10-4BAE-A5E7-AA7CA456BFCA}.Debug|Any CPU.Build.0 = Debug|Any CPU
		{11917D7B-EE10-4BAE-A5E7-AA7CA456BFCA}.Release|Any CPU.ActiveCfg = Release|Any CPU
		{11917D7B-EE10-4BAE-A5E7-AA7CA456BFCA}.Release|Any CPU.Build.0 = Release|Any CPU
		{186FC3B3-1B25-4C09-AB77-FAD7E265813C}.Debug|Any CPU.ActiveCfg = Debug|Any CPU
		{186FC3B3-1B25-4C09-AB77-FAD7E265813C}.Debug|Any CPU.Build.0 = Debug|Any CPU
		{186FC3B3-1B25-4C09-AB77-FAD7E265813C}.Release|Any CPU.ActiveCfg = Release|Any CPU
		{186FC3B3-1B25-4C09-AB77-FAD7E265813C}.Release|Any CPU.Build.0 = Release|Any CPU
		{4A9C5AB2-5E8C-4D29-B3E0-6ACE739CC8E3}.Debug|Any CPU.ActiveCfg = Debug|Any CPU
		{4A9C5AB2-5E8C-4D29-B3E0-6ACE739CC8E3}.Debug|Any CPU.Build.0 = Debug|Any CPU
		{4A9C5AB2-5E8C-4D29-B3E0-6ACE739CC8E3}.Release|Any CPU.ActiveCfg = Release|Any CPU
		{4A9C5AB2-5E8C-4D29-B3E0-6ACE739CC8E3}.Release|Any CPU.Build.0 = Release|Any CPU
		{70BED1B8-5669-4A8F-A5A5-67EA923C6D1D}.Debug|Any CPU.ActiveCfg = Debug|Any CPU
		{70BED1B8-5669-4A8F-A5A5-67EA923C6D1D}.Debug|Any CPU.Build.0 = Debug|Any CPU
		{70BED1B8-5669-4A8F-A5A5-67EA923C6D1D}.Release|Any CPU.ActiveCfg = Release|Any CPU
		{70BED1B8-5669-4A8F-A5A5-67EA923C6D1D}.Release|Any CPU.Build.0 = Release|Any CPU
		{92DCA322-42B0-4836-BF1B-8C2DAFC6C86A}.Debug|Any CPU.ActiveCfg = Debug|Any CPU
		{92DCA322-42B0-4836-BF1B-8C2DAFC6C86A}.Debug|Any CPU.Build.0 = Debug|Any CPU
		{92DCA322-42B0-4836-BF1B-8C2DAFC6C86A}.Release|Any CPU.ActiveCfg = Release|Any CPU
		{92DCA322-42B0-4836-BF1B-8C2DAFC6C86A}.Release|Any CPU.Build.0 = Release|Any CPU
		{1E11E2D5-654E-4A22-8A43-576418844A20}.Debug|Any CPU.ActiveCfg = Debug|Any CPU
		{1E11E2D5-654E-4A22-8A43-576418844A20}.Debug|Any CPU.Build.0 = Debug|Any CPU
		{1E11E2D5-654E-4A22-8A43-576418844A20}.Release|Any CPU.ActiveCfg = Release|Any CPU
		{1E11E2D5-654E-4A22-8A43-576418844A20}.Release|Any CPU.Build.0 = Release|Any CPU
		{D06374C5-E48D-4651-80C2-A1E1578D8911}.Debug|Any CPU.ActiveCfg = Debug|Any CPU
		{D06374C5-E48D-4651-80C2-A1E1578D8911}.Debug|Any CPU.Build.0 = Debug|Any CPU
		{D06374C5-E48D-4651-80C2-A1E1578D8911}.Release|Any CPU.ActiveCfg = Release|Any CPU
		{D06374C5-E48D-4651-80C2-A1E1578D8911}.Release|Any CPU.Build.0 = Release|Any CPU
		{FE5015D7-8F23-46E9-84CC-5DFB61566526}.Debug|Any CPU.ActiveCfg = Debug|Any CPU
		{FE5015D7-8F23-46E9-84CC-5DFB61566526}.Debug|Any CPU.Build.0 = Debug|Any CPU
		{FE5015D7-8F23-46E9-84CC-5DFB61566526}.Release|Any CPU.ActiveCfg = Release|Any CPU
		{FE5015D7-8F23-46E9-84CC-5DFB61566526}.Release|Any CPU.Build.0 = Release|Any CPU
		{ECB85CCE-D5F2-479D-80A8-1A56C694946B}.Debug|Any CPU.ActiveCfg = Debug|Any CPU
		{ECB85CCE-D5F2-479D-80A8-1A56C694946B}.Debug|Any CPU.Build.0 = Debug|Any CPU
		{ECB85CCE-D5F2-479D-80A8-1A56C694946B}.Release|Any CPU.ActiveCfg = Release|Any CPU
		{ECB85CCE-D5F2-479D-80A8-1A56C694946B}.Release|Any CPU.Build.0 = Release|Any CPU
		{8DC7D30E-BE69-452C-AF7B-6D7910701817}.Debug|Any CPU.ActiveCfg = Debug|Any CPU
		{8DC7D30E-BE69-452C-AF7B-6D7910701817}.Debug|Any CPU.Build.0 = Debug|Any CPU
		{8DC7D30E-BE69-452C-AF7B-6D7910701817}.Release|Any CPU.ActiveCfg = Release|Any CPU
		{8DC7D30E-BE69-452C-AF7B-6D7910701817}.Release|Any CPU.Build.0 = Release|Any CPU
		{BA905163-AAD1-47D7-BB19-30E5FFD21EA9}.Debug|Any CPU.ActiveCfg = Debug|Any CPU
		{BA905163-AAD1-47D7-BB19-30E5FFD21EA9}.Debug|Any CPU.Build.0 = Debug|Any CPU
		{BA905163-AAD1-47D7-BB19-30E5FFD21EA9}.Release|Any CPU.ActiveCfg = Release|Any CPU
		{BA905163-AAD1-47D7-BB19-30E5FFD21EA9}.Release|Any CPU.Build.0 = Release|Any CPU
	EndGlobalSection
	GlobalSection(SolutionProperties) = preSolution
		HideSolutionNode = FALSE
	EndGlobalSection
	GlobalSection(ExtensibilityGlobals) = postSolution
		SolutionGuid = {13D4D2AC-8BF3-4630-94B4-2D45F18BB02E}
	EndGlobalSection
EndGlobal
